// !$*UTF8*$!
{
	archiveVersion = 1;
	classes = {
	};
	objectVersion = 56;
	objects = {

/* Begin PBXBuildFile section */
		10C1E2BF2A9FD4F800DB1696 /* Weather_Forecast_AppApp.swift in Sources */ = {isa = PBXBuildFile; fileRef = 10C1E2BE2A9FD4F800DB1696 /* Weather_Forecast_AppApp.swift */; };
		10C1E2C12A9FD4F800DB1696 /* ContentView.swift in Sources */ = {isa = PBXBuildFile; fileRef = 10C1E2C02A9FD4F800DB1696 /* ContentView.swift */; };
		10C1E2C32A9FD4F800DB1696 /* Assets.xcassets in Resources */ = {isa = PBXBuildFile; fileRef = 10C1E2C22A9FD4F800DB1696 /* Assets.xcassets */; };
		10C1E2C62A9FD4F800DB1696 /* Preview Assets.xcassets in Resources */ = {isa = PBXBuildFile; fileRef = 10C1E2C52A9FD4F800DB1696 /* Preview Assets.xcassets */; };
		10C1E2D02A9FD4F800DB1696 /* Weather_Forecast_AppTests.swift in Sources */ = {isa = PBXBuildFile; fileRef = 10C1E2CF2A9FD4F800DB1696 /* Weather_Forecast_AppTests.swift */; };
		10C1E2DA2A9FD4F800DB1696 /* Weather_Forecast_AppUITests.swift in Sources */ = {isa = PBXBuildFile; fileRef = 10C1E2D92A9FD4F800DB1696 /* Weather_Forecast_AppUITests.swift */; };
		10C1E2DC2A9FD4F800DB1696 /* Weather_Forecast_AppUITestsLaunchTests.swift in Sources */ = {isa = PBXBuildFile; fileRef = 10C1E2DB2A9FD4F800DB1696 /* Weather_Forecast_AppUITestsLaunchTests.swift */; };
		10C1E2ED2A9FE4F700DB1696 /* LocationManager.swift in Sources */ = {isa = PBXBuildFile; fileRef = 10C1E2EC2A9FE4F700DB1696 /* LocationManager.swift */; };
		10C1E2EF2A9FEAB200DB1696 /* WelcomeView.swift in Sources */ = {isa = PBXBuildFile; fileRef = 10C1E2EE2A9FEAB200DB1696 /* WelcomeView.swift */; };
		10C1E2F12A9FF28900DB1696 /* LoadingView.swift in Sources */ = {isa = PBXBuildFile; fileRef = 10C1E2F02A9FF28900DB1696 /* LoadingView.swift */; };
		10C1E2F32A9FF36A00DB1696 /* WeatherManager.swift in Sources */ = {isa = PBXBuildFile; fileRef = 10C1E2F22A9FF36A00DB1696 /* WeatherManager.swift */; };
		10C1E2F52A9FF42F00DB1696 /* WeatherModel.swift in Sources */ = {isa = PBXBuildFile; fileRef = 10C1E2F42A9FF42F00DB1696 /* WeatherModel.swift */; };
		10C1E2F72AA0035600DB1696 /* WeatherView.swift in Sources */ = {isa = PBXBuildFile; fileRef = 10C1E2F62AA0035600DB1696 /* WeatherView.swift */; };
		10C1E2FA2AA0049600DB1696 /* Extensions.swift in Sources */ = {isa = PBXBuildFile; fileRef = 10C1E2F92AA0049600DB1696 /* Extensions.swift */; };
/* End PBXBuildFile section */

/* Begin PBXContainerItemProxy section */
		10C1E2CC2A9FD4F800DB1696 /* PBXContainerItemProxy */ = {
			isa = PBXContainerItemProxy;
			containerPortal = 10C1E2B32A9FD4F800DB1696 /* Project object */;
			proxyType = 1;
			remoteGlobalIDString = 10C1E2BA2A9FD4F800DB1696;
			remoteInfo = "Weather-Forecast-App";
		};
		10C1E2D62A9FD4F800DB1696 /* PBXContainerItemProxy */ = {
			isa = PBXContainerItemProxy;
			containerPortal = 10C1E2B32A9FD4F800DB1696 /* Project object */;
			proxyType = 1;
			remoteGlobalIDString = 10C1E2BA2A9FD4F800DB1696;
			remoteInfo = "Weather-Forecast-App";
		};
/* End PBXContainerItemProxy section */

/* Begin PBXFileReference section */
		10C1E2BB2A9FD4F800DB1696 /* Weather-Forecast-App.app */ = {isa = PBXFileReference; explicitFileType = wrapper.application; includeInIndex = 0; path = "Weather-Forecast-App.app"; sourceTree = BUILT_PRODUCTS_DIR; };
		10C1E2BE2A9FD4F800DB1696 /* Weather_Forecast_AppApp.swift */ = {isa = PBXFileReference; lastKnownFileType = sourcecode.swift; path = Weather_Forecast_AppApp.swift; sourceTree = "<group>"; };
		10C1E2C02A9FD4F800DB1696 /* ContentView.swift */ = {isa = PBXFileReference; lastKnownFileType = sourcecode.swift; path = ContentView.swift; sourceTree = "<group>"; };
		10C1E2C22A9FD4F800DB1696 /* Assets.xcassets */ = {isa = PBXFileReference; lastKnownFileType = folder.assetcatalog; path = Assets.xcassets; sourceTree = "<group>"; };
		10C1E2C52A9FD4F800DB1696 /* Preview Assets.xcassets */ = {isa = PBXFileReference; lastKnownFileType = folder.assetcatalog; path = "Preview Assets.xcassets"; sourceTree = "<group>"; };
		10C1E2CB2A9FD4F800DB1696 /* Weather-Forecast-AppTests.xctest */ = {isa = PBXFileReference; explicitFileType = wrapper.cfbundle; includeInIndex = 0; path = "Weather-Forecast-AppTests.xctest"; sourceTree = BUILT_PRODUCTS_DIR; };
		10C1E2CF2A9FD4F800DB1696 /* Weather_Forecast_AppTests.swift */ = {isa = PBXFileReference; lastKnownFileType = sourcecode.swift; path = Weather_Forecast_AppTests.swift; sourceTree = "<group>"; };
		10C1E2D52A9FD4F800DB1696 /* Weather-Forecast-AppUITests.xctest */ = {isa = PBXFileReference; explicitFileType = wrapper.cfbundle; includeInIndex = 0; path = "Weather-Forecast-AppUITests.xctest"; sourceTree = BUILT_PRODUCTS_DIR; };
		10C1E2D92A9FD4F800DB1696 /* Weather_Forecast_AppUITests.swift */ = {isa = PBXFileReference; lastKnownFileType = sourcecode.swift; path = Weather_Forecast_AppUITests.swift; sourceTree = "<group>"; };
		10C1E2DB2A9FD4F800DB1696 /* Weather_Forecast_AppUITestsLaunchTests.swift */ = {isa = PBXFileReference; lastKnownFileType = sourcecode.swift; path = Weather_Forecast_AppUITestsLaunchTests.swift; sourceTree = "<group>"; };
		10C1E2EC2A9FE4F700DB1696 /* LocationManager.swift */ = {isa = PBXFileReference; lastKnownFileType = sourcecode.swift; path = LocationManager.swift; sourceTree = "<group>"; };
		10C1E2EE2A9FEAB200DB1696 /* WelcomeView.swift */ = {isa = PBXFileReference; lastKnownFileType = sourcecode.swift; path = WelcomeView.swift; sourceTree = "<group>"; };
		10C1E2F02A9FF28900DB1696 /* LoadingView.swift */ = {isa = PBXFileReference; lastKnownFileType = sourcecode.swift; path = LoadingView.swift; sourceTree = "<group>"; };
		10C1E2F22A9FF36A00DB1696 /* WeatherManager.swift */ = {isa = PBXFileReference; lastKnownFileType = sourcecode.swift; path = WeatherManager.swift; sourceTree = "<group>"; };
		10C1E2F42A9FF42F00DB1696 /* WeatherModel.swift */ = {isa = PBXFileReference; lastKnownFileType = sourcecode.swift; path = WeatherModel.swift; sourceTree = "<group>"; };
		10C1E2F62AA0035600DB1696 /* WeatherView.swift */ = {isa = PBXFileReference; lastKnownFileType = sourcecode.swift; path = WeatherView.swift; sourceTree = "<group>"; };
		10C1E2F92AA0049600DB1696 /* Extensions.swift */ = {isa = PBXFileReference; lastKnownFileType = sourcecode.swift; path = Extensions.swift; sourceTree = "<group>"; };
/* End PBXFileReference section */

/* Begin PBXFrameworksBuildPhase section */
		10C1E2B82A9FD4F800DB1696 /* Frameworks */ = {
			isa = PBXFrameworksBuildPhase;
			buildActionMask = 2147483647;
			files = (
			);
			runOnlyForDeploymentPostprocessing = 0;
		};
		10C1E2C82A9FD4F800DB1696 /* Frameworks */ = {
			isa = PBXFrameworksBuildPhase;
			buildActionMask = 2147483647;
			files = (
			);
			runOnlyForDeploymentPostprocessing = 0;
		};
		10C1E2D22A9FD4F800DB1696 /* Frameworks */ = {
			isa = PBXFrameworksBuildPhase;
			buildActionMask = 2147483647;
			files = (
			);
			runOnlyForDeploymentPostprocessing = 0;
		};
/* End PBXFrameworksBuildPhase section */

/* Begin PBXGroup section */
		10C1E2B22A9FD4F800DB1696 = {
			isa = PBXGroup;
			children = (
				10C1E2BD2A9FD4F800DB1696 /* Weather-Forecast-App */,
				10C1E2CE2A9FD4F800DB1696 /* Weather-Forecast-AppTests */,
				10C1E2D82A9FD4F800DB1696 /* Weather-Forecast-AppUITests */,
				10C1E2BC2A9FD4F800DB1696 /* Products */,
			);
			sourceTree = "<group>";
		};
		10C1E2BC2A9FD4F800DB1696 /* Products */ = {
			isa = PBXGroup;
			children = (
				10C1E2BB2A9FD4F800DB1696 /* Weather-Forecast-App.app */,
				10C1E2CB2A9FD4F800DB1696 /* Weather-Forecast-AppTests.xctest */,
				10C1E2D52A9FD4F800DB1696 /* Weather-Forecast-AppUITests.xctest */,
			);
			name = Products;
			sourceTree = "<group>";
		};
		10C1E2BD2A9FD4F800DB1696 /* Weather-Forecast-App */ = {
			isa = PBXGroup;
			children = (
				10C1E2F82AA0040D00DB1696 /* Extensions */,
				10C1E2EB2A9FE4D600DB1696 /* Location */,
				10C1E2EA2A9FE47000DB1696 /* Models */,
				10C1E2E92A9FE41100DB1696 /* Networking */,
				10C1E2E82A9FE3FC00DB1696 /* Views */,
				10C1E2BE2A9FD4F800DB1696 /* Weather_Forecast_AppApp.swift */,
				10C1E2C02A9FD4F800DB1696 /* ContentView.swift */,
				10C1E2C22A9FD4F800DB1696 /* Assets.xcassets */,
				10C1E2C42A9FD4F800DB1696 /* Preview Content */,
			);
			path = "Weather-Forecast-App";
			sourceTree = "<group>";
		};
		10C1E2C42A9FD4F800DB1696 /* Preview Content */ = {
			isa = PBXGroup;
			children = (
				10C1E2C52A9FD4F800DB1696 /* Preview Assets.xcassets */,
			);
			path = "Preview Content";
			sourceTree = "<group>";
		};
		10C1E2CE2A9FD4F800DB1696 /* Weather-Forecast-AppTests */ = {
			isa = PBXGroup;
			children = (
				10C1E2CF2A9FD4F800DB1696 /* Weather_Forecast_AppTests.swift */,
			);
			path = "Weather-Forecast-AppTests";
			sourceTree = "<group>";
		};
		10C1E2D82A9FD4F800DB1696 /* Weather-Forecast-AppUITests */ = {
			isa = PBXGroup;
			children = (
				10C1E2D92A9FD4F800DB1696 /* Weather_Forecast_AppUITests.swift */,
				10C1E2DB2A9FD4F800DB1696 /* Weather_Forecast_AppUITestsLaunchTests.swift */,
			);
			path = "Weather-Forecast-AppUITests";
			sourceTree = "<group>";
		};
		10C1E2E82A9FE3FC00DB1696 /* Views */ = {
			isa = PBXGroup;
			children = (
				10C1E2EE2A9FEAB200DB1696 /* WelcomeView.swift */,
				10C1E2F02A9FF28900DB1696 /* LoadingView.swift */,
				10C1E2F62AA0035600DB1696 /* WeatherView.swift */,
			);
			path = Views;
			sourceTree = "<group>";
		};
		10C1E2E92A9FE41100DB1696 /* Networking */ = {
			isa = PBXGroup;
			children = (
				10C1E2F22A9FF36A00DB1696 /* WeatherManager.swift */,
			);
			path = Networking;
			sourceTree = "<group>";
		};
		10C1E2EA2A9FE47000DB1696 /* Models */ = {
			isa = PBXGroup;
			children = (
				10C1E2F42A9FF42F00DB1696 /* WeatherModel.swift */,
			);
			path = Models;
			sourceTree = "<group>";
		};
		10C1E2EB2A9FE4D600DB1696 /* Location */ = {
			isa = PBXGroup;
			children = (
				10C1E2EC2A9FE4F700DB1696 /* LocationManager.swift */,
			);
			path = Location;
			sourceTree = "<group>";
		};
		10C1E2F82AA0040D00DB1696 /* Extensions */ = {
			isa = PBXGroup;
			children = (
				10C1E2F92AA0049600DB1696 /* Extensions.swift */,
			);
			path = Extensions;
			sourceTree = "<group>";
		};
/* End PBXGroup section */

/* Begin PBXNativeTarget section */
		10C1E2BA2A9FD4F800DB1696 /* Weather-Forecast-App */ = {
			isa = PBXNativeTarget;
			buildConfigurationList = 10C1E2DF2A9FD4F800DB1696 /* Build configuration list for PBXNativeTarget "Weather-Forecast-App" */;
			buildPhases = (
				10C1E2B72A9FD4F800DB1696 /* Sources */,
				10C1E2B82A9FD4F800DB1696 /* Frameworks */,
				10C1E2B92A9FD4F800DB1696 /* Resources */,
			);
			buildRules = (
			);
			dependencies = (
			);
			name = "Weather-Forecast-App";
			productName = "Weather-Forecast-App";
			productReference = 10C1E2BB2A9FD4F800DB1696 /* Weather-Forecast-App.app */;
			productType = "com.apple.product-type.application";
		};
		10C1E2CA2A9FD4F800DB1696 /* Weather-Forecast-AppTests */ = {
			isa = PBXNativeTarget;
			buildConfigurationList = 10C1E2E22A9FD4F800DB1696 /* Build configuration list for PBXNativeTarget "Weather-Forecast-AppTests" */;
			buildPhases = (
				10C1E2C72A9FD4F800DB1696 /* Sources */,
				10C1E2C82A9FD4F800DB1696 /* Frameworks */,
				10C1E2C92A9FD4F800DB1696 /* Resources */,
			);
			buildRules = (
			);
			dependencies = (
				10C1E2CD2A9FD4F800DB1696 /* PBXTargetDependency */,
			);
			name = "Weather-Forecast-AppTests";
			productName = "Weather-Forecast-AppTests";
			productReference = 10C1E2CB2A9FD4F800DB1696 /* Weather-Forecast-AppTests.xctest */;
			productType = "com.apple.product-type.bundle.unit-test";
		};
		10C1E2D42A9FD4F800DB1696 /* Weather-Forecast-AppUITests */ = {
			isa = PBXNativeTarget;
			buildConfigurationList = 10C1E2E52A9FD4F800DB1696 /* Build configuration list for PBXNativeTarget "Weather-Forecast-AppUITests" */;
			buildPhases = (
				10C1E2D12A9FD4F800DB1696 /* Sources */,
				10C1E2D22A9FD4F800DB1696 /* Frameworks */,
				10C1E2D32A9FD4F800DB1696 /* Resources */,
			);
			buildRules = (
			);
			dependencies = (
				10C1E2D72A9FD4F800DB1696 /* PBXTargetDependency */,
			);
			name = "Weather-Forecast-AppUITests";
			productName = "Weather-Forecast-AppUITests";
			productReference = 10C1E2D52A9FD4F800DB1696 /* Weather-Forecast-AppUITests.xctest */;
			productType = "com.apple.product-type.bundle.ui-testing";
		};
/* End PBXNativeTarget section */

/* Begin PBXProject section */
		10C1E2B32A9FD4F800DB1696 /* Project object */ = {
			isa = PBXProject;
			attributes = {
				BuildIndependentTargetsInParallel = 1;
				LastSwiftUpdateCheck = 1430;
				LastUpgradeCheck = 1430;
				TargetAttributes = {
					10C1E2BA2A9FD4F800DB1696 = {
						CreatedOnToolsVersion = 14.3.1;
					};
					10C1E2CA2A9FD4F800DB1696 = {
						CreatedOnToolsVersion = 14.3.1;
						TestTargetID = 10C1E2BA2A9FD4F800DB1696;
					};
					10C1E2D42A9FD4F800DB1696 = {
						CreatedOnToolsVersion = 14.3.1;
						TestTargetID = 10C1E2BA2A9FD4F800DB1696;
					};
				};
			};
			buildConfigurationList = 10C1E2B62A9FD4F800DB1696 /* Build configuration list for PBXProject "Weather-Forecast-App" */;
			compatibilityVersion = "Xcode 14.0";
			developmentRegion = en;
			hasScannedForEncodings = 0;
			knownRegions = (
				en,
				Base,
			);
			mainGroup = 10C1E2B22A9FD4F800DB1696;
			productRefGroup = 10C1E2BC2A9FD4F800DB1696 /* Products */;
			projectDirPath = "";
			projectRoot = "";
			targets = (
				10C1E2BA2A9FD4F800DB1696 /* Weather-Forecast-App */,
				10C1E2CA2A9FD4F800DB1696 /* Weather-Forecast-AppTests */,
				10C1E2D42A9FD4F800DB1696 /* Weather-Forecast-AppUITests */,
			);
		};
/* End PBXProject section */

/* Begin PBXResourcesBuildPhase section */
		10C1E2B92A9FD4F800DB1696 /* Resources */ = {
			isa = PBXResourcesBuildPhase;
			buildActionMask = 2147483647;
			files = (
				10C1E2C62A9FD4F800DB1696 /* Preview Assets.xcassets in Resources */,
				10C1E2C32A9FD4F800DB1696 /* Assets.xcassets in Resources */,
			);
			runOnlyForDeploymentPostprocessing = 0;
		};
		10C1E2C92A9FD4F800DB1696 /* Resources */ = {
			isa = PBXResourcesBuildPhase;
			buildActionMask = 2147483647;
			files = (
			);
			runOnlyForDeploymentPostprocessing = 0;
		};
		10C1E2D32A9FD4F800DB1696 /* Resources */ = {
			isa = PBXResourcesBuildPhase;
			buildActionMask = 2147483647;
			files = (
			);
			runOnlyForDeploymentPostprocessing = 0;
		};
/* End PBXResourcesBuildPhase section */

/* Begin PBXSourcesBuildPhase section */
		10C1E2B72A9FD4F800DB1696 /* Sources */ = {
			isa = PBXSourcesBuildPhase;
			buildActionMask = 2147483647;
			files = (
				10C1E2F32A9FF36A00DB1696 /* WeatherManager.swift in Sources */,
				10C1E2FA2AA0049600DB1696 /* Extensions.swift in Sources */,
				10C1E2C12A9FD4F800DB1696 /* ContentView.swift in Sources */,
				10C1E2BF2A9FD4F800DB1696 /* Weather_Forecast_AppApp.swift in Sources */,
				10C1E2F52A9FF42F00DB1696 /* WeatherModel.swift in Sources */,
				10C1E2ED2A9FE4F700DB1696 /* LocationManager.swift in Sources */,
				10C1E2F12A9FF28900DB1696 /* LoadingView.swift in Sources */,
				10C1E2EF2A9FEAB200DB1696 /* WelcomeView.swift in Sources */,
				10C1E2F72AA0035600DB1696 /* WeatherView.swift in Sources */,
			);
			runOnlyForDeploymentPostprocessing = 0;
		};
		10C1E2C72A9FD4F800DB1696 /* Sources */ = {
			isa = PBXSourcesBuildPhase;
			buildActionMask = 2147483647;
			files = (
				10C1E2D02A9FD4F800DB1696 /* Weather_Forecast_AppTests.swift in Sources */,
			);
			runOnlyForDeploymentPostprocessing = 0;
		};
		10C1E2D12A9FD4F800DB1696 /* Sources */ = {
			isa = PBXSourcesBuildPhase;
			buildActionMask = 2147483647;
			files = (
				10C1E2DC2A9FD4F800DB1696 /* Weather_Forecast_AppUITestsLaunchTests.swift in Sources */,
				10C1E2DA2A9FD4F800DB1696 /* Weather_Forecast_AppUITests.swift in Sources */,
			);
			runOnlyForDeploymentPostprocessing = 0;
		};
/* End PBXSourcesBuildPhase section */

/* Begin PBXTargetDependency section */
		10C1E2CD2A9FD4F800DB1696 /* PBXTargetDependency */ = {
			isa = PBXTargetDependency;
			target = 10C1E2BA2A9FD4F800DB1696 /* Weather-Forecast-App */;
			targetProxy = 10C1E2CC2A9FD4F800DB1696 /* PBXContainerItemProxy */;
		};
		10C1E2D72A9FD4F800DB1696 /* PBXTargetDependency */ = {
			isa = PBXTargetDependency;
			target = 10C1E2BA2A9FD4F800DB1696 /* Weather-Forecast-App */;
			targetProxy = 10C1E2D62A9FD4F800DB1696 /* PBXContainerItemProxy */;
		};
/* End PBXTargetDependency section */

/* Begin XCBuildConfiguration section */
		10C1E2DD2A9FD4F800DB1696 /* Debug */ = {
			isa = XCBuildConfiguration;
			buildSettings = {
				ALWAYS_SEARCH_USER_PATHS = NO;
				CLANG_ANALYZER_NONNULL = YES;
				CLANG_ANALYZER_NUMBER_OBJECT_CONVERSION = YES_AGGRESSIVE;
				CLANG_CXX_LANGUAGE_STANDARD = "gnu++20";
				CLANG_ENABLE_MODULES = YES;
				CLANG_ENABLE_OBJC_ARC = YES;
				CLANG_ENABLE_OBJC_WEAK = YES;
				CLANG_WARN_BLOCK_CAPTURE_AUTORELEASING = YES;
				CLANG_WARN_BOOL_CONVERSION = YES;
				CLANG_WARN_COMMA = YES;
				CLANG_WARN_CONSTANT_CONVERSION = YES;
				CLANG_WARN_DEPRECATED_OBJC_IMPLEMENTATIONS = YES;
				CLANG_WARN_DIRECT_OBJC_ISA_USAGE = YES_ERROR;
				CLANG_WARN_DOCUMENTATION_COMMENTS = YES;
				CLANG_WARN_EMPTY_BODY = YES;
				CLANG_WARN_ENUM_CONVERSION = YES;
				CLANG_WARN_INFINITE_RECURSION = YES;
				CLANG_WARN_INT_CONVERSION = YES;
				CLANG_WARN_NON_LITERAL_NULL_CONVERSION = YES;
				CLANG_WARN_OBJC_IMPLICIT_RETAIN_SELF = YES;
				CLANG_WARN_OBJC_LITERAL_CONVERSION = YES;
				CLANG_WARN_OBJC_ROOT_CLASS = YES_ERROR;
				CLANG_WARN_QUOTED_INCLUDE_IN_FRAMEWORK_HEADER = YES;
				CLANG_WARN_RANGE_LOOP_ANALYSIS = YES;
				CLANG_WARN_STRICT_PROTOTYPES = YES;
				CLANG_WARN_SUSPICIOUS_MOVE = YES;
				CLANG_WARN_UNGUARDED_AVAILABILITY = YES_AGGRESSIVE;
				CLANG_WARN_UNREACHABLE_CODE = YES;
				CLANG_WARN__DUPLICATE_METHOD_MATCH = YES;
				COPY_PHASE_STRIP = NO;
				DEBUG_INFORMATION_FORMAT = dwarf;
				ENABLE_STRICT_OBJC_MSGSEND = YES;
				ENABLE_TESTABILITY = YES;
				GCC_C_LANGUAGE_STANDARD = gnu11;
				GCC_DYNAMIC_NO_PIC = NO;
				GCC_NO_COMMON_BLOCKS = YES;
				GCC_OPTIMIZATION_LEVEL = 0;
				GCC_PREPROCESSOR_DEFINITIONS = (
					"DEBUG=1",
					"$(inherited)",
				);
				GCC_WARN_64_TO_32_BIT_CONVERSION = YES;
				GCC_WARN_ABOUT_RETURN_TYPE = YES_ERROR;
				GCC_WARN_UNDECLARED_SELECTOR = YES;
				GCC_WARN_UNINITIALIZED_AUTOS = YES_AGGRESSIVE;
				GCC_WARN_UNUSED_FUNCTION = YES;
				GCC_WARN_UNUSED_VARIABLE = YES;
				IPHONEOS_DEPLOYMENT_TARGET = 16.4;
				MTL_ENABLE_DEBUG_INFO = INCLUDE_SOURCE;
				MTL_FAST_MATH = YES;
				ONLY_ACTIVE_ARCH = YES;
				SDKROOT = iphoneos;
				SWIFT_ACTIVE_COMPILATION_CONDITIONS = DEBUG;
				SWIFT_OPTIMIZATION_LEVEL = "-Onone";
			};
			name = Debug;
		};
		10C1E2DE2A9FD4F800DB1696 /* Release */ = {
			isa = XCBuildConfiguration;
			buildSettings = {
				ALWAYS_SEARCH_USER_PATHS = NO;
				CLANG_ANALYZER_NONNULL = YES;
				CLANG_ANALYZER_NUMBER_OBJECT_CONVERSION = YES_AGGRESSIVE;
				CLANG_CXX_LANGUAGE_STANDARD = "gnu++20";
				CLANG_ENABLE_MODULES = YES;
				CLANG_ENABLE_OBJC_ARC = YES;
				CLANG_ENABLE_OBJC_WEAK = YES;
				CLANG_WARN_BLOCK_CAPTURE_AUTORELEASING = YES;
				CLANG_WARN_BOOL_CONVERSION = YES;
				CLANG_WARN_COMMA = YES;
				CLANG_WARN_CONSTANT_CONVERSION = YES;
				CLANG_WARN_DEPRECATED_OBJC_IMPLEMENTATIONS = YES;
				CLANG_WARN_DIRECT_OBJC_ISA_USAGE = YES_ERROR;
				CLANG_WARN_DOCUMENTATION_COMMENTS = YES;
				CLANG_WARN_EMPTY_BODY = YES;
				CLANG_WARN_ENUM_CONVERSION = YES;
				CLANG_WARN_INFINITE_RECURSION = YES;
				CLANG_WARN_INT_CONVERSION = YES;
				CLANG_WARN_NON_LITERAL_NULL_CONVERSION = YES;
				CLANG_WARN_OBJC_IMPLICIT_RETAIN_SELF = YES;
				CLANG_WARN_OBJC_LITERAL_CONVERSION = YES;
				CLANG_WARN_OBJC_ROOT_CLASS = YES_ERROR;
				CLANG_WARN_QUOTED_INCLUDE_IN_FRAMEWORK_HEADER = YES;
				CLANG_WARN_RANGE_LOOP_ANALYSIS = YES;
				CLANG_WARN_STRICT_PROTOTYPES = YES;
				CLANG_WARN_SUSPICIOUS_MOVE = YES;
				CLANG_WARN_UNGUARDED_AVAILABILITY = YES_AGGRESSIVE;
				CLANG_WARN_UNREACHABLE_CODE = YES;
				CLANG_WARN__DUPLICATE_METHOD_MATCH = YES;
				COPY_PHASE_STRIP = NO;
				DEBUG_INFORMATION_FORMAT = "dwarf-with-dsym";
				ENABLE_NS_ASSERTIONS = NO;
				ENABLE_STRICT_OBJC_MSGSEND = YES;
				GCC_C_LANGUAGE_STANDARD = gnu11;
				GCC_NO_COMMON_BLOCKS = YES;
				GCC_WARN_64_TO_32_BIT_CONVERSION = YES;
				GCC_WARN_ABOUT_RETURN_TYPE = YES_ERROR;
				GCC_WARN_UNDECLARED_SELECTOR = YES;
				GCC_WARN_UNINITIALIZED_AUTOS = YES_AGGRESSIVE;
				GCC_WARN_UNUSED_FUNCTION = YES;
				GCC_WARN_UNUSED_VARIABLE = YES;
				IPHONEOS_DEPLOYMENT_TARGET = 16.4;
				MTL_ENABLE_DEBUG_INFO = NO;
				MTL_FAST_MATH = YES;
				SDKROOT = iphoneos;
				SWIFT_COMPILATION_MODE = wholemodule;
				SWIFT_OPTIMIZATION_LEVEL = "-O";
				VALIDATE_PRODUCT = YES;
			};
			name = Release;
		};
		10C1E2E02A9FD4F800DB1696 /* Debug */ = {
			isa = XCBuildConfiguration;
			buildSettings = {
				ASSETCATALOG_COMPILER_APPICON_NAME = AppIcon;
				ASSETCATALOG_COMPILER_GLOBAL_ACCENT_COLOR_NAME = AccentColor;
				CODE_SIGN_STYLE = Automatic;
				CURRENT_PROJECT_VERSION = 1;
				DEVELOPMENT_ASSET_PATHS = "\"Weather-Forecast-App/Preview Content\"";
				DEVELOPMENT_TEAM = X98AFCC6G2;
				ENABLE_PREVIEWS = YES;
				GENERATE_INFOPLIST_FILE = YES;
				INFOPLIST_KEY_UIApplicationSceneManifest_Generation = YES;
				INFOPLIST_KEY_UIApplicationSupportsIndirectInputEvents = YES;
				INFOPLIST_KEY_UILaunchScreen_Generation = YES;
				INFOPLIST_KEY_UISupportedInterfaceOrientations_iPad = "UIInterfaceOrientationPortrait UIInterfaceOrientationPortraitUpsideDown UIInterfaceOrientationLandscapeLeft UIInterfaceOrientationLandscapeRight";
				INFOPLIST_KEY_UISupportedInterfaceOrientations_iPhone = "UIInterfaceOrientationPortrait UIInterfaceOrientationLandscapeLeft UIInterfaceOrientationLandscapeRight";
				LD_RUNPATH_SEARCH_PATHS = (
					"$(inherited)",
					"@executable_path/Frameworks",
				);
				MARKETING_VERSION = 1.0;
				PRODUCT_BUNDLE_IDENTIFIER = "com.noblesoft.Weather-Forecast-App";
				PRODUCT_NAME = "$(TARGET_NAME)";
				SWIFT_EMIT_LOC_STRINGS = YES;
				SWIFT_VERSION = 5.0;
				TARGETED_DEVICE_FAMILY = "1,2";
			};
			name = Debug;
		};
		10C1E2E12A9FD4F800DB1696 /* Release */ = {
			isa = XCBuildConfiguration;
			buildSettings = {
				ASSETCATALOG_COMPILER_APPICON_NAME = AppIcon;
				ASSETCATALOG_COMPILER_GLOBAL_ACCENT_COLOR_NAME = AccentColor;
				CODE_SIGN_STYLE = Automatic;
				CURRENT_PROJECT_VERSION = 1;
				DEVELOPMENT_ASSET_PATHS = "\"Weather-Forecast-App/Preview Content\"";
				DEVELOPMENT_TEAM = X98AFCC6G2;
				ENABLE_PREVIEWS = YES;
				GENERATE_INFOPLIST_FILE = YES;
				INFOPLIST_KEY_UIApplicationSceneManifest_Generation = YES;
				INFOPLIST_KEY_UIApplicationSupportsIndirectInputEvents = YES;
				INFOPLIST_KEY_UILaunchScreen_Generation = YES;
				INFOPLIST_KEY_UISupportedInterfaceOrientations_iPad = "UIInterfaceOrientationPortrait UIInterfaceOrientationPortraitUpsideDown UIInterfaceOrientationLandscapeLeft UIInterfaceOrientationLandscapeRight";
				INFOPLIST_KEY_UISupportedInterfaceOrientations_iPhone = "UIInterfaceOrientationPortrait UIInterfaceOrientationLandscapeLeft UIInterfaceOrientationLandscapeRight";
				LD_RUNPATH_SEARCH_PATHS = (
					"$(inherited)",
					"@executable_path/Frameworks",
				);
				MARKETING_VERSION = 1.0;
				PRODUCT_BUNDLE_IDENTIFIER = "com.noblesoft.Weather-Forecast-App";
				PRODUCT_NAME = "$(TARGET_NAME)";
				SWIFT_EMIT_LOC_STRINGS = YES;
				SWIFT_VERSION = 5.0;
				TARGETED_DEVICE_FAMILY = "1,2";
			};
			name = Release;
		};
		10C1E2E32A9FD4F800DB1696 /* Debug */ = {
			isa = XCBuildConfiguration;
			buildSettings = {
				ALWAYS_EMBED_SWIFT_STANDARD_LIBRARIES = YES;
				BUNDLE_LOADER = "$(TEST_HOST)";
				CODE_SIGN_STYLE = Automatic;
				CURRENT_PROJECT_VERSION = 1;
				DEVELOPMENT_TEAM = X98AFCC6G2;
				GENERATE_INFOPLIST_FILE = YES;
				IPHONEOS_DEPLOYMENT_TARGET = 16.4;
				MARKETING_VERSION = 1.0;
				PRODUCT_BUNDLE_IDENTIFIER = "com.noblesoft.Weather-Forecast-AppTests";
				PRODUCT_NAME = "$(TARGET_NAME)";
				SWIFT_EMIT_LOC_STRINGS = NO;
				SWIFT_VERSION = 5.0;
				TARGETED_DEVICE_FAMILY = "1,2";
				TEST_HOST = "$(BUILT_PRODUCTS_DIR)/Weather-Forecast-App.app/$(BUNDLE_EXECUTABLE_FOLDER_PATH)/Weather-Forecast-App";
			};
			name = Debug;
		};
		10C1E2E42A9FD4F800DB1696 /* Release */ = {
			isa = XCBuildConfiguration;
			buildSettings = {
				ALWAYS_EMBED_SWIFT_STANDARD_LIBRARIES = YES;
				BUNDLE_LOADER = "$(TEST_HOST)";
				CODE_SIGN_STYLE = Automatic;
				CURRENT_PROJECT_VERSION = 1;
				DEVELOPMENT_TEAM = X98AFCC6G2;
				GENERATE_INFOPLIST_FILE = YES;
				IPHONEOS_DEPLOYMENT_TARGET = 16.4;
				MARKETING_VERSION = 1.0;
				PRODUCT_BUNDLE_IDENTIFIER = "com.noblesoft.Weather-Forecast-AppTests";
				PRODUCT_NAME = "$(TARGET_NAME)";
				SWIFT_EMIT_LOC_STRINGS = NO;
				SWIFT_VERSION = 5.0;
				TARGETED_DEVICE_FAMILY = "1,2";
				TEST_HOST = "$(BUILT_PRODUCTS_DIR)/Weather-Forecast-App.app/$(BUNDLE_EXECUTABLE_FOLDER_PATH)/Weather-Forecast-App";
			};
			name = Release;
		};
		10C1E2E62A9FD4F800DB1696 /* Debug */ = {
			isa = XCBuildConfiguration;
			buildSettings = {
				ALWAYS_EMBED_SWIFT_STANDARD_LIBRARIES = YES;
				CODE_SIGN_STYLE = Automatic;
				CURRENT_PROJECT_VERSION = 1;
				DEVELOPMENT_TEAM = X98AFCC6G2;
				GENERATE_INFOPLIST_FILE = YES;
				MARKETING_VERSION = 1.0;
				PRODUCT_BUNDLE_IDENTIFIER = "com.noblesoft.Weather-Forecast-AppUITests";
				PRODUCT_NAME = "$(TARGET_NAME)";
				SWIFT_EMIT_LOC_STRINGS = NO;
				SWIFT_VERSION = 5.0;
				TARGETED_DEVICE_FAMILY = "1,2";
				TEST_TARGET_NAME = "Weather-Forecast-App";
			};
			name = Debug;
		};
		10C1E2E72A9FD4F800DB1696 /* Release */ = {
			isa = XCBuildConfiguration;
			buildSettings = {
				ALWAYS_EMBED_SWIFT_STANDARD_LIBRARIES = YES;
				CODE_SIGN_STYLE = Automatic;
				CURRENT_PROJECT_VERSION = 1;
				DEVELOPMENT_TEAM = X98AFCC6G2;
				GENERATE_INFOPLIST_FILE = YES;
				MARKETING_VERSION = 1.0;
				PRODUCT_BUNDLE_IDENTIFIER = "com.noblesoft.Weather-Forecast-AppUITests";
				PRODUCT_NAME = "$(TARGET_NAME)";
				SWIFT_EMIT_LOC_STRINGS = NO;
				SWIFT_VERSION = 5.0;
				TARGETED_DEVICE_FAMILY = "1,2";
				TEST_TARGET_NAME = "Weather-Forecast-App";
			};
			name = Release;
		};
/* End XCBuildConfiguration section */

/* Begin XCConfigurationList section */
		10C1E2B62A9FD4F800DB1696 /* Build configuration list for PBXProject "Weather-Forecast-App" */ = {
			isa = XCConfigurationList;
			buildConfigurations = (
				10C1E2DD2A9FD4F800DB1696 /* Debug */,
				10C1E2DE2A9FD4F800DB1696 /* Release */,
			);
			defaultConfigurationIsVisible = 0;
			defaultConfigurationName = Release;
		};
		10C1E2DF2A9FD4F800DB1696 /* Build configuration list for PBXNativeTarget "Weather-Forecast-App" */ = {
			isa = XCConfigurationList;
			buildConfigurations = (
				10C1E2E02A9FD4F800DB1696 /* Debug */,
				10C1E2E12A9FD4F800DB1696 /* Release */,
			);
			defaultConfigurationIsVisible = 0;
			defaultConfigurationName = Release;
		};
		10C1E2E22A9FD4F800DB1696 /* Build configuration list for PBXNativeTarget "Weather-Forecast-AppTests" */ = {
			isa = XCConfigurationList;
			buildConfigurations = (
				10C1E2E32A9FD4F800DB1696 /* Debug */,
				10C1E2E42A9FD4F800DB1696 /* Release */,
			);
			defaultConfigurationIsVisible = 0;
			defaultConfigurationName = Release;
		};
		10C1E2E52A9FD4F800DB1696 /* Build configuration list for PBXNativeTarget "Weather-Forecast-AppUITests" */ = {
			isa = XCConfigurationList;
			buildConfigurations = (
				10C1E2E62A9FD4F800DB1696 /* Debug */,
				10C1E2E72A9FD4F800DB1696 /* Release */,
			);
			defaultConfigurationIsVisible = 0;
			defaultConfigurationName = Release;
		};
/* End XCConfigurationList section */
	};
	rootObject = 10C1E2B32A9FD4F800DB1696 /* Project object */;
}
